// !$*UTF8*$!
{
	archiveVersion = 1;
	classes = {
	};
	objectVersion = 46;
	objects = {

/* Begin PBXBuildFile section */
		41D2471F1A7278BA00D48660 /* AppDelegate.swift in Sources */ = {isa = PBXBuildFile; fileRef = 41D2471E1A7278BA00D48660 /* AppDelegate.swift */; };
		41D247221A7278BA00D48660 /* LearnSwift.xcdatamodeld in Sources */ = {isa = PBXBuildFile; fileRef = 41D247201A7278BA00D48660 /* LearnSwift.xcdatamodeld */; };
		41D247241A7278BA00D48660 /* ViewController.swift in Sources */ = {isa = PBXBuildFile; fileRef = 41D247231A7278BA00D48660 /* ViewController.swift */; };
		41D247271A7278BA00D48660 /* Main.storyboard in Resources */ = {isa = PBXBuildFile; fileRef = 41D247251A7278BA00D48660 /* Main.storyboard */; };
		41D247291A7278BA00D48660 /* Images.xcassets in Resources */ = {isa = PBXBuildFile; fileRef = 41D247281A7278BA00D48660 /* Images.xcassets */; };
		41D2472C1A7278BA00D48660 /* LaunchScreen.xib in Resources */ = {isa = PBXBuildFile; fileRef = 41D2472A1A7278BA00D48660 /* LaunchScreen.xib */; };
		41D247381A7278BA00D48660 /* LearnSwiftTests.swift in Sources */ = {isa = PBXBuildFile; fileRef = 41D247371A7278BA00D48660 /* LearnSwiftTests.swift */; };
/* End PBXBuildFile section */

/* Begin PBXContainerItemProxy section */
		41D247321A7278BA00D48660 /* PBXContainerItemProxy */ = {
			isa = PBXContainerItemProxy;
			containerPortal = 41D247111A7278BA00D48660 /* Project object */;
			proxyType = 1;
			remoteGlobalIDString = 41D247181A7278BA00D48660;
			remoteInfo = LearnSwift;
		};
/* End PBXContainerItemProxy section */

/* Begin PBXFileReference section */
		41D247191A7278BA00D48660 /* LearnSwift.app */ = {isa = PBXFileReference; explicitFileType = wrapper.application; includeInIndex = 0; path = LearnSwift.app; sourceTree = BUILT_PRODUCTS_DIR; };
		41D2471D1A7278BA00D48660 /* Info.plist */ = {isa = PBXFileReference; lastKnownFileType = text.plist.xml; path = Info.plist; sourceTree = "<group>"; };
		41D2471E1A7278BA00D48660 /* AppDelegate.swift */ = {isa = PBXFileReference; lastKnownFileType = sourcecode.swift; path = AppDelegate.swift; sourceTree = "<group>"; };
		41D247211A7278BA00D48660 /* LearnSwift.xcdatamodel */ = {isa = PBXFileReference; lastKnownFileType = wrapper.xcdatamodel; path = LearnSwift.xcdatamodel; sourceTree = "<group>"; };
		41D247231A7278BA00D48660 /* ViewController.swift */ = {isa = PBXFileReference; lastKnownFileType = sourcecode.swift; path = ViewController.swift; sourceTree = "<group>"; };
		41D247261A7278BA00D48660 /* Base */ = {isa = PBXFileReference; lastKnownFileType = file.storyboard; name = Base; path = Base.lproj/Main.storyboard; sourceTree = "<group>"; };
		41D247281A7278BA00D48660 /* Images.xcassets */ = {isa = PBXFileReference; lastKnownFileType = folder.assetcatalog; path = Images.xcassets; sourceTree = "<group>"; };
		41D2472B1A7278BA00D48660 /* Base */ = {isa = PBXFileReference; lastKnownFileType = file.xib; name = Base; path = Base.lproj/LaunchScreen.xib; sourceTree = "<group>"; };
		41D247311A7278BA00D48660 /* LearnSwiftTests.xctest */ = {isa = PBXFileReference; explicitFileType = wrapper.cfbundle; includeInIndex = 0; path = LearnSwiftTests.xctest; sourceTree = BUILT_PRODUCTS_DIR; };
		41D247361A7278BA00D48660 /* Info.plist */ = {isa = PBXFileReference; lastKnownFileType = text.plist.xml; path = Info.plist; sourceTree = "<group>"; };
		41D247371A7278BA00D48660 /* LearnSwiftTests.swift */ = {isa = PBXFileReference; lastKnownFileType = sourcecode.swift; path = LearnSwiftTests.swift; sourceTree = "<group>"; };
		41D247411A72796A00D48660 /* Home.playground */ = {isa = PBXFileReference; lastKnownFileType = file.playground; path = Home.playground; sourceTree = "<group>"; };
/* End PBXFileReference section */

/* Begin PBXFrameworksBuildPhase section */
		41D247161A7278BA00D48660 /* Frameworks */ = {
			isa = PBXFrameworksBuildPhase;
			buildActionMask = 2147483647;
			files = (
			);
			runOnlyForDeploymentPostprocessing = 0;
		};
		41D2472E1A7278BA00D48660 /* Frameworks */ = {
			isa = PBXFrameworksBuildPhase;
			buildActionMask = 2147483647;
			files = (
			);
			runOnlyForDeploymentPostprocessing = 0;
		};
/* End PBXFrameworksBuildPhase section */

/* Begin PBXGroup section */
		41D247101A7278BA00D48660 = {
			isa = PBXGroup;
			children = (
				41D2471B1A7278BA00D48660 /* LearnSwift */,
				41D247341A7278BA00D48660 /* LearnSwiftTests */,
				41D2471A1A7278BA00D48660 /* Products */,
			);
			sourceTree = "<group>";
		};
		41D2471A1A7278BA00D48660 /* Products */ = {
			isa = PBXGroup;
			children = (
				41D247191A7278BA00D48660 /* LearnSwift.app */,
				41D247311A7278BA00D48660 /* LearnSwiftTests.xctest */,
			);
			name = Products;
			sourceTree = "<group>";
		};
		41D2471B1A7278BA00D48660 /* LearnSwift */ = {
			isa = PBXGroup;
			children = (
				41D2471E1A7278BA00D48660 /* AppDelegate.swift */,
				41D247231A7278BA00D48660 /* ViewController.swift */,
				41D247251A7278BA00D48660 /* Main.storyboard */,
				41D247281A7278BA00D48660 /* Images.xcassets */,
				41D2472A1A7278BA00D48660 /* LaunchScreen.xib */,
				41D247201A7278BA00D48660 /* LearnSwift.xcdatamodeld */,
				41D2471C1A7278BA00D48660 /* Supporting Files */,
				41D247411A72796A00D48660 /* Home.playground */,
			);
			path = LearnSwift;
			sourceTree = "<group>";
		};
		41D2471C1A7278BA00D48660 /* Supporting Files */ = {
			isa = PBXGroup;
			children = (
				41D2471D1A7278BA00D48660 /* Info.plist */,
			);
			name = "Supporting Files";
			sourceTree = "<group>";
		};
		41D247341A7278BA00D48660 /* LearnSwiftTests */ = {
			isa = PBXGroup;
			children = (
				41D247371A7278BA00D48660 /* LearnSwiftTests.swift */,
				41D247351A7278BA00D48660 /* Supporting Files */,
			);
			path = LearnSwiftTests;
			sourceTree = "<group>";
		};
		41D247351A7278BA00D48660 /* Supporting Files */ = {
			isa = PBXGroup;
			children = (
				41D247361A7278BA00D48660 /* Info.plist */,
			);
			name = "Supporting Files";
			sourceTree = "<group>";
		};
/* End PBXGroup section */

/* Begin PBXNativeTarget section */
		41D247181A7278BA00D48660 /* LearnSwift */ = {
			isa = PBXNativeTarget;
			buildConfigurationList = 41D2473B1A7278BA00D48660 /* Build configuration list for PBXNativeTarget "LearnSwift" */;
			buildPhases = (
				41D247151A7278BA00D48660 /* Sources */,
				41D247161A7278BA00D48660 /* Frameworks */,
				41D247171A7278BA00D48660 /* Resources */,
			);
			buildRules = (
			);
			dependencies = (
			);
			name = LearnSwift;
			productName = LearnSwift;
			productReference = 41D247191A7278BA00D48660 /* LearnSwift.app */;
			productType = "com.apple.product-type.application";
		};
		41D247301A7278BA00D48660 /* LearnSwiftTests */ = {
			isa = PBXNativeTarget;
			buildConfigurationList = 41D2473E1A7278BA00D48660 /* Build configuration list for PBXNativeTarget "LearnSwiftTests" */;
			buildPhases = (
				41D2472D1A7278BA00D48660 /* Sources */,
				41D2472E1A7278BA00D48660 /* Frameworks */,
				41D2472F1A7278BA00D48660 /* Resources */,
			);
			buildRules = (
			);
			dependencies = (
				41D247331A7278BA00D48660 /* PBXTargetDependency */,
			);
			name = LearnSwiftTests;
			productName = LearnSwiftTests;
			productReference = 41D247311A7278BA00D48660 /* LearnSwiftTests.xctest */;
			productType = "com.apple.product-type.bundle.unit-test";
		};
/* End PBXNativeTarget section */

/* Begin PBXProject section */
		41D247111A7278BA00D48660 /* Project object */ = {
			isa = PBXProject;
			attributes = {
				LastUpgradeCheck = 0610;
				ORGANIZATIONNAME = Vismaad;
				TargetAttributes = {
					41D247181A7278BA00D48660 = {
						CreatedOnToolsVersion = 6.1.1;
					};
					41D247301A7278BA00D48660 = {
						CreatedOnToolsVersion = 6.1.1;
						TestTargetID = 41D247181A7278BA00D48660;
					};
				};
			};
			buildConfigurationList = 41D247141A7278BA00D48660 /* Build configuration list for PBXProject "LearnSwift" */;
			compatibilityVersion = "Xcode 3.2";
			developmentRegion = English;
			hasScannedForEncodings = 0;
			knownRegions = (
				en,
				Base,
			);
			mainGroup = 41D247101A7278BA00D48660;
			productRefGroup = 41D2471A1A7278BA00D48660 /* Products */;
			projectDirPath = "";
			projectRoot = "";
			targets = (
				41D247181A7278BA00D48660 /* LearnSwift */,
				41D247301A7278BA00D48660 /* LearnSwiftTests */,
			);
		};
/* End PBXProject section */

/* Begin PBXResourcesBuildPhase section */
		41D247171A7278BA00D48660 /* Resources */ = {
			isa = PBXResourcesBuildPhase;
			buildActionMask = 2147483647;
			files = (
				41D247271A7278BA00D48660 /* Main.storyboard in Resources */,
				41D2472C1A7278BA00D48660 /* LaunchScreen.xib in Resources */,
				41D247291A7278BA00D48660 /* Images.xcassets in Resources */,
			);
			runOnlyForDeploymentPostprocessing = 0;
		};
		41D2472F1A7278BA00D48660 /* Resources */ = {
			isa = PBXResourcesBuildPhase;
			buildActionMask = 2147483647;
			files = (
			);
			runOnlyForDeploymentPostprocessing = 0;
		};
/* End PBXResourcesBuildPhase section */

/* Begin PBXSourcesBuildPhase section */
		41D247151A7278BA00D48660 /* Sources */ = {
			isa = PBXSourcesBuildPhase;
			buildActionMask = 2147483647;
			files = (
				41D247241A7278BA00D48660 /* ViewController.swift in Sources */,
				41D247221A7278BA00D48660 /* LearnSwift.xcdatamodeld in Sources */,
				41D2471F1A7278BA00D48660 /* AppDelegate.swift in Sources */,
			);
			runOnlyForDeploymentPostprocessing = 0;
		};
		41D2472D1A7278BA00D48660 /* Sources */ = {
			isa = PBXSourcesBuildPhase;
			buildActionMask = 2147483647;
			files = (
				41D247381A7278BA00D48660 /* LearnSwiftTests.swift in Sources */,
			);
			runOnlyForDeploymentPostprocessing = 0;
		};
/* End PBXSourcesBuildPhase section */

/* Begin PBXTargetDependency section */
		41D247331A7278BA00D48660 /* PBXTargetDependency */ = {
			isa = PBXTargetDependency;
			target = 41D247181A7278BA00D48660 /* LearnSwift */;
			targetProxy = 41D247321A7278BA00D48660 /* PBXContainerItemProxy */;
		};
/* End PBXTargetDependency section */

/* Begin PBXVariantGroup section */
		41D247251A7278BA00D48660 /* Main.storyboard */ = {
			isa = PBXVariantGroup;
			children = (
				41D247261A7278BA00D48660 /* Base */,
			);
			name = Main.storyboard;
			sourceTree = "<group>";
		};
		41D2472A1A7278BA00D48660 /* LaunchScreen.xib */ = {
			isa = PBXVariantGroup;
			children = (
				41D2472B1A7278BA00D48660 /* Base */,
			);
			name = LaunchScreen.xib;
			sourceTree = "<group>";
		};
/* End PBXVariantGroup section */

/* Begin XCBuildConfiguration section */
		41D247391A7278BA00D48660 /* Debug */ = {
			isa = XCBuildConfiguration;
			buildSettings = {
				ALWAYS_SEARCH_USER_PATHS = NO;
				CLANG_CXX_LANGUAGE_STANDARD = "gnu++0x";
				CLANG_CXX_LIBRARY = "libc++";
				CLANG_ENABLE_MODULES = YES;
				CLANG_ENABLE_OBJC_ARC = YES;
				CLANG_WARN_BOOL_CONVERSION = YES;
				CLANG_WARN_CONSTANT_CONVERSION = YES;
				CLANG_WARN_DIRECT_OBJC_ISA_USAGE = YES_ERROR;
				CLANG_WARN_EMPTY_BODY = YES;
				CLANG_WARN_ENUM_CONVERSION = YES;
				CLANG_WARN_INT_CONVERSION = YES;
				CLANG_WARN_OBJC_ROOT_CLASS = YES_ERROR;
				CLANG_WARN_UNREACHABLE_CODE = YES;
				CLANG_WARN__DUPLICATE_METHOD_MATCH = YES;
				"CODE_SIGN_IDENTITY[sdk=iphoneos*]" = "iPhone Developer";
				COPY_PHASE_STRIP = NO;
				ENABLE_STRICT_OBJC_MSGSEND = YES;
				GCC_C_LANGUAGE_STANDARD = gnu99;
				GCC_DYNAMIC_NO_PIC = NO;
				GCC_OPTIMIZATION_LEVEL = 0;
				GCC_PREPROCESSOR_DEFINITIONS = (
					"DEBUG=1",
					"$(inherited)",
				);
				GCC_SYMBOLS_PRIVATE_EXTERN = NO;
				GCC_WARN_64_TO_32_BIT_CONVERSION = YES;
				GCC_WARN_ABOUT_RETURN_TYPE = YES_ERROR;
				GCC_WARN_UNDECLARED_SELECTOR = YES;
				GCC_WARN_UNINITIALIZED_AUTOS = YES_AGGRESSIVE;
				GCC_WARN_UNUSED_FUNCTION = YES;
				GCC_WARN_UNUSED_VARIABLE = YES;
				IPHONEOS_DEPLOYMENT_TARGET = 8.1;
				MTL_ENABLE_DEBUG_INFO = YES;
				ONLY_ACTIVE_ARCH = YES;
				SDKROOT = iphoneos;
				SWIFT_OPTIMIZATION_LEVEL = "-Onone";
				TARGETED_DEVICE_FAMILY = "1,2";
			};
			name = Debug;
		};
		41D2473A1A7278BA00D48660 /* Release */ = {
			isa = XCBuildConfiguration;
			buildSettings = {
				ALWAYS_SEARCH_USER_PATHS = NO;
				CLANG_CXX_LANGUAGE_STANDARD = "gnu++0x";
				CLANG_CXX_LIBRARY = "libc++";
				CLANG_ENABLE_MODULES = YES;
				CLANG_ENABLE_OBJC_ARC = YES;
				CLANG_WARN_BOOL_CONVERSION = YES;
				CLANG_WARN_CONSTANT_CONVERSION = YES;
				CLANG_WARN_DIRECT_OBJC_ISA_USAGE = YES_ERROR;
				CLANG_WARN_EMPTY_BODY = YES;
				CLANG_WARN_ENUM_CONVERSION = YES;
				CLANG_WARN_INT_CONVERSION = YES;
				CLANG_WARN_OBJC_ROOT_CLASS = YES_ERROR;
				CLANG_WARN_UNREACHABLE_CODE = YES;
				CLANG_WARN__DUPLICATE_METHOD_MATCH = YES;
				"CODE_SIGN_IDENTITY[sdk=iphoneos*]" = "iPhone Developer";
				COPY_PHASE_STRIP = YES;
				ENABLE_NS_ASSERTIONS = NO;
				ENABLE_STRICT_OBJC_MSGSEND = YES;
				GCC_C_LANGUAGE_STANDARD = gnu99;
				GCC_WARN_64_TO_32_BIT_CONVERSION = YES;
				GCC_WARN_ABOUT_RETURN_TYPE = YES_ERROR;
				GCC_WARN_UNDECLARED_SELECTOR = YES;
				GCC_WARN_UNINITIALIZED_AUTOS = YES_AGGRESSIVE;
				GCC_WARN_UNUSED_FUNCTION = YES;
				GCC_WARN_UNUSED_VARIABLE = YES;
				IPHONEOS_DEPLOYMENT_TARGET = 8.1;
				MTL_ENABLE_DEBUG_INFO = NO;
				SDKROOT = iphoneos;
				TARGETED_DEVICE_FAMILY = "1,2";
				VALIDATE_PRODUCT = YES;
			};
			name = Release;
		};
		41D2473C1A7278BA00D48660 /* Debug */ = {
			isa = XCBuildConfiguration;
			buildSettings = {
				ASSETCATALOG_COMPILER_APPICON_NAME = AppIcon;
				INFOPLIST_FILE = LearnSwift/Info.plist;
				LD_RUNPATH_SEARCH_PATHS = "$(inherited) @executable_path/Frameworks";
				PRODUCT_NAME = "$(TARGET_NAME)";
			};
			name = Debug;
		};
		41D2473D1A7278BA00D48660 /* Release */ = {
			isa = XCBuildConfiguration;
			buildSettings = {
				ASSETCATALOG_COMPILER_APPICON_NAME = AppIcon;
				INFOPLIST_FILE = LearnSwift/Info.plist;
				LD_RUNPATH_SEARCH_PATHS = "$(inherited) @executable_path/Frameworks";
				PRODUCT_NAME = "$(TARGET_NAME)";
			};
			name = Release;
		};
		41D2473F1A7278BA00D48660 /* Debug */ = {
			isa = XCBuildConfiguration;
			buildSettings = {
				BUNDLE_LOADER = "$(TEST_HOST)";
				FRAMEWORK_SEARCH_PATHS = (
					"$(SDKROOT)/Developer/Library/Frameworks",
					"$(inherited)",
				);
				GCC_PREPROCESSOR_DEFINITIONS = (
					"DEBUG=1",
					"$(inherited)",
				);
				INFOPLIST_FILE = LearnSwiftTests/Info.plist;
				LD_RUNPATH_SEARCH_PATHS = "$(inherited) @executable_path/Frameworks @loader_path/Frameworks";
				PRODUCT_NAME = "$(TARGET_NAME)";
				TEST_HOST = "$(BUILT_PRODUCTS_DIR)/LearnSwift.app/LearnSwift";
			};
			name = Debug;
		};
		41D247401A7278BA00D48660 /* Release */ = {
			isa = XCBuildConfiguration;
			buildSettings = {
				BUNDLE_LOADER = "$(TEST_HOST)";
				FRAMEWORK_SEARCH_PATHS = (
					"$(SDKROOT)/Developer/Library/Frameworks",
					"$(inherited)",
				);
				INFOPLIST_FILE = LearnSwiftTests/Info.plist;
				LD_RUNPATH_SEARCH_PATHS = "$(inherited) @executable_path/Frameworks @loader_path/Frameworks";
				PRODUCT_NAME = "$(TARGET_NAME)";
				TEST_HOST = "$(BUILT_PRODUCTS_DIR)/LearnSwift.app/LearnSwift";
			};
			name = Release;
		};
/* End XCBuildConfiguration section */

/* Begin XCConfigurationList section */
		41D247141A7278BA00D48660 /* Build configuration list for PBXProject "LearnSwift" */ = {
			isa = XCConfigurationList;
			buildConfigurations = (
				41D247391A7278BA00D48660 /* Debug */,
				41D2473A1A7278BA00D48660 /* Release */,
			);
			defaultConfigurationIsVisible = 0;
			defaultConfigurationName = Release;
		};
		41D2473B1A7278BA00D48660 /* Build configuration list for PBXNativeTarget "LearnSwift" */ = {
			isa = XCConfigurationList;
			buildConfigurations = (
				41D2473C1A7278BA00D48660 /* Debug */,
				41D2473D1A7278BA00D48660 /* Release */,
			);
			defaultConfigurationIsVisible = 0;
		};
		41D2473E1A7278BA00D48660 /* Build configuration list for PBXNativeTarget "LearnSwiftTests" */ = {
			isa = XCConfigurationList;
			buildConfigurations = (
				41D2473F1A7278BA00D48660 /* Debug */,
				41D247401A7278BA00D48660 /* Release */,
			);
			defaultConfigurationIsVisible = 0;
		};
/* End XCConfigurationList section */

/* Begin XCVersionGroup section */
		41D247201A7278BA00D48660 /* LearnSwift.xcdatamodeld */ = {
			isa = XCVersionGroup;
			children = (
				41D247211A7278BA00D48660 /* LearnSwift.xcdatamodel */,
			);
			currentVersion = 41D247211A7278BA00D48660 /* LearnSwift.xcdatamodel */;
			path = LearnSwift.xcdatamodeld;
			sourceTree = "<group>";
			versionGroupType = wrapper.xcdatamodel;
		};
/* End XCVersionGroup section */
	};
	rootObject = 41D247111A7278BA00D48660 /* Project object */;
}
